
Microsoft Visual Studio Solution File, Format Version 12.00
# Visual Studio Version 17
VisualStudioVersion = 17.5.33424.131
MinimumVisualStudioVersion = 10.0.40219.1
Project("{9A19103F-16F7-4668-BE54-9A1E7A4F7556}") = "ListaExercicio01.Exercicio01", "ListaExercicio01.Exercicio01\ListaExercicio01.Exercicio01.csproj", "{5D2E300F-1AAC-4054-B002-3132121A34CC}"
EndProject
Project("{9A19103F-16F7-4668-BE54-9A1E7A4F7556}") = "ListaExercicios.Exercicio02", "ListaExercicios.Exercicio02\ListaExercicios.Exercicio02.csproj", "{26C74A13-B916-4540-968F-5BF998A62D46}"
EndProject
Project("{9A19103F-16F7-4668-BE54-9A1E7A4F7556}") = "ListaExercicio.Exercicio03", "ListaExercicio.Exercicio03\ListaExercicio.Exercicio03.csproj", "{CBCD0E3A-3712-4F9F-A6FC-B6B4ACE3C428}"
EndProject
Project("{9A19103F-16F7-4668-BE54-9A1E7A4F7556}") = "ListaExercicios.Exercicio04", "ListaExercicios.Exercicio04\ListaExercicios.Exercicio04.csproj", "{C343F868-B5E3-4005-A0A0-11E6F721F179}"
EndProject
Project("{9A19103F-16F7-4668-BE54-9A1E7A4F7556}") = "ListaExercicio.Exercicio05", "ListaExercicio.Exercicio05\ListaExercicio.Exercicio05.csproj", "{3505CD31-0C49-4442-A056-F111F28E0345}"
EndProject
Project("{9A19103F-16F7-4668-BE54-9A1E7A4F7556}") = "ListaExercicios.Exercicio06", "ListaExercicios.Exercicio06\ListaExercicios.Exercicio06.csproj", "{C33AF490-E133-4E15-B34B-272A63A924F7}"
EndProject
Project("{9A19103F-16F7-4668-BE54-9A1E7A4F7556}") = "Listaexercicio.Exercicio07", "Listaexercicio.Exercicio07\Listaexercicio.Exercicio07.csproj", "{BFE57206-C16A-4E70-B44D-1E13C0582BF7}"
EndProject
Project("{9A19103F-16F7-4668-BE54-9A1E7A4F7556}") = "ListaExercicio.Exercicio08", "ListaExercicio.Exercicio08\ListaExercicio.Exercicio08.csproj", "{E49096C4-D244-4639-A457-2CD580F89C4D}"
EndProject
Project("{9A19103F-16F7-4668-BE54-9A1E7A4F7556}") = "ListaExercicios.Exercicio09", "ListaExercicios.Exercicio09\ListaExercicios.Exercicio09.csproj", "{B6EBA58B-C078-4C55-9532-623B13768983}"
EndProject
Project("{9A19103F-16F7-4668-BE54-9A1E7A4F7556}") = "ListaExercicios.Exercicio10", "ListaExercicios.Exercicio10\ListaExercicios.Exercicio10.csproj", "{716D9CBB-2988-4395-ABC5-EFBF6282EF2A}"
EndProject
Project("{9A19103F-16F7-4668-BE54-9A1E7A4F7556}") = "ListaExecicios.Exercicio11", "ListaExecicios.Exercicio11\ListaExecicios.Exercicio11.csproj", "{A87822EE-797B-4F78-9B58-D60D1261DAB5}"
EndProject
Project("{9A19103F-16F7-4668-BE54-9A1E7A4F7556}") = "ListaExercicios.Exercicio12", "ListaExercicios.Exercicio12\ListaExercicios.Exercicio12.csproj", "{7E9D9447-5457-4467-931D-D64292BCB9E1}"
EndProject
Project("{9A19103F-16F7-4668-BE54-9A1E7A4F7556}") = "ListaExercicios.Exercicio13", "ListaExercicios.Exercicio13\ListaExercicios.Exercicio13.csproj", "{5A93E920-4A47-41C2-BE31-C1F38E131B6F}"
EndProject
Project("{9A19103F-16F7-4668-BE54-9A1E7A4F7556}") = "ListaExercicio.Exercicio14", "ListaExercicio.Exercicio14\ListaExercicio.Exercicio14.csproj", "{1EFEA447-B08E-4FCC-9D66-825F751B6356}"
EndProject
Project("{9A19103F-16F7-4668-BE54-9A1E7A4F7556}") = "ListaExercicio.Exercicio15", "ListaExercicio.Exercicio15\ListaExercicio.Exercicio15.csproj", "{F7068FEC-CE28-4246-A3B3-EAAF730445E4}"
EndProject
Project("{9A19103F-16F7-4668-BE54-9A1E7A4F7556}") = "ListaExercicio.Exercicio16", "ListaExercicio.Exercicio16\ListaExercicio.Exercicio16.csproj", "{9EA0528E-A78B-4EA0-A839-91E6C62D37AE}"
EndProject
Project("{9A19103F-16F7-4668-BE54-9A1E7A4F7556}") = "ListaExercicios.Exercicio17", "ListaExercicios.Exercicio17\ListaExercicios.Exercicio17.csproj", "{29010065-0D8E-4678-84DA-E0DF0484C148}"
EndProject
Project("{FAE04EC0-301F-11D3-BF4B-00C04F79EFBC}") = "ListaExerciciosExercicio18", "ListaExerciciosExercicio18\ListaExerciciosExercicio18.csproj", "{6FBB73E2-B3DB-4958-84B2-154AE2BBABDF}"
EndProject
Project("{FAE04EC0-301F-11D3-BF4B-00C04F79EFBC}") = "ListaExercicios.Exercicio19", "ListaExercicios.Exercicio19\ListaExercicios.Exercicio19.csproj", "{14B949BF-DE2C-4FDF-836D-948B59D5537B}"
EndProject
Project("{FAE04EC0-301F-11D3-BF4B-00C04F79EFBC}") = "ListaExercicios.Exercicio20", "ListaExercicios.Exercicio20\ListaExercicios.Exercicio20.csproj", "{72B08454-FB6E-4F51-BC9E-BBEAEB46DCB6}"
EndProject
Project("{FAE04EC0-301F-11D3-BF4B-00C04F79EFBC}") = "ListaExercicio.Exercicio21", "ListaExercicio.Exercicio21\ListaExercicio.Exercicio21.csproj", "{A4C9EEB8-E4C3-461B-904D-9CEC7FDF1439}"
EndProject
Project("{FAE04EC0-301F-11D3-BF4B-00C04F79EFBC}") = "ListaExercicio.Exercicio22", "ListaExercicio.Exercicio22\ListaExercicio.Exercicio22.csproj", "{5A56899D-E07D-4777-95BD-9628D4E280E4}"
EndProject
Project("{FAE04EC0-301F-11D3-BF4B-00C04F79EFBC}") = "ListaExercicios.Exercicio23", "ListaExercicios.Exercicio23\ListaExercicios.Exercicio23.csproj", "{553B0E5C-D47B-47A2-AD0E-BA476B870CAC}"
EndProject
Project("{FAE04EC0-301F-11D3-BF4B-00C04F79EFBC}") = "ListaExercicios.Exercicio24", "ListaExercicios.Exercicio24\ListaExercicios.Exercicio24.csproj", "{58061613-927E-414A-AB56-D07056DD5969}"
EndProject
Project("{FAE04EC0-301F-11D3-BF4B-00C04F79EFBC}") = "ListaExercicios.Exercicio25", "ListaExercicios.Exercicio25\ListaExercicios.Exercicio25.csproj", "{058DE00F-1A49-4754-80FE-7470ECB327C9}"
EndProject
Project("{FAE04EC0-301F-11D3-BF4B-00C04F79EFBC}") = "ListaExercicios.Exercicio26", "ListaExercicios.Exercicio26\ListaExercicios.Exercicio26.csproj", "{94B94A08-0D37-4853-B381-32F1D6299897}"
EndProject
Project("{FAE04EC0-301F-11D3-BF4B-00C04F79EFBC}") = "ListaExercicios.Exercicio27", "ListaExercicios.Exercicio27\ListaExercicios.Exercicio27.csproj", "{43062022-10E4-413B-8331-23E31BB0914A}"
EndProject
Project("{FAE04EC0-301F-11D3-BF4B-00C04F79EFBC}") = "ListaExercicio.Exercicio28", "ListaExercicio.Exercicio28\ListaExercicio.Exercicio28.csproj", "{4C95E209-38FA-4E68-A865-340A29D2C88A}"
EndProject
Global
	GlobalSection(SolutionConfigurationPlatforms) = preSolution
		Debug|Any CPU = Debug|Any CPU
		Release|Any CPU = Release|Any CPU
	EndGlobalSection
	GlobalSection(ProjectConfigurationPlatforms) = postSolution
		{5D2E300F-1AAC-4054-B002-3132121A34CC}.Debug|Any CPU.ActiveCfg = Debug|Any CPU
		{5D2E300F-1AAC-4054-B002-3132121A34CC}.Debug|Any CPU.Build.0 = Debug|Any CPU
		{5D2E300F-1AAC-4054-B002-3132121A34CC}.Release|Any CPU.ActiveCfg = Release|Any CPU
		{5D2E300F-1AAC-4054-B002-3132121A34CC}.Release|Any CPU.Build.0 = Release|Any CPU
		{26C74A13-B916-4540-968F-5BF998A62D46}.Debug|Any CPU.ActiveCfg = Debug|Any CPU
		{26C74A13-B916-4540-968F-5BF998A62D46}.Debug|Any CPU.Build.0 = Debug|Any CPU
		{26C74A13-B916-4540-968F-5BF998A62D46}.Release|Any CPU.ActiveCfg = Release|Any CPU
		{26C74A13-B916-4540-968F-5BF998A62D46}.Release|Any CPU.Build.0 = Release|Any CPU
		{CBCD0E3A-3712-4F9F-A6FC-B6B4ACE3C428}.Debug|Any CPU.ActiveCfg = Debug|Any CPU
		{CBCD0E3A-3712-4F9F-A6FC-B6B4ACE3C428}.Debug|Any CPU.Build.0 = Debug|Any CPU
		{CBCD0E3A-3712-4F9F-A6FC-B6B4ACE3C428}.Release|Any CPU.ActiveCfg = Release|Any CPU
		{CBCD0E3A-3712-4F9F-A6FC-B6B4ACE3C428}.Release|Any CPU.Build.0 = Release|Any CPU
		{C343F868-B5E3-4005-A0A0-11E6F721F179}.Debug|Any CPU.ActiveCfg = Debug|Any CPU
		{C343F868-B5E3-4005-A0A0-11E6F721F179}.Debug|Any CPU.Build.0 = Debug|Any CPU
		{C343F868-B5E3-4005-A0A0-11E6F721F179}.Release|Any CPU.ActiveCfg = Release|Any CPU
		{C343F868-B5E3-4005-A0A0-11E6F721F179}.Release|Any CPU.Build.0 = Release|Any CPU
		{3505CD31-0C49-4442-A056-F111F28E0345}.Debug|Any CPU.ActiveCfg = Debug|Any CPU
		{3505CD31-0C49-4442-A056-F111F28E0345}.Debug|Any CPU.Build.0 = Debug|Any CPU
		{3505CD31-0C49-4442-A056-F111F28E0345}.Release|Any CPU.ActiveCfg = Release|Any CPU
		{3505CD31-0C49-4442-A056-F111F28E0345}.Release|Any CPU.Build.0 = Release|Any CPU
		{C33AF490-E133-4E15-B34B-272A63A924F7}.Debug|Any CPU.ActiveCfg = Debug|Any CPU
		{C33AF490-E133-4E15-B34B-272A63A924F7}.Debug|Any CPU.Build.0 = Debug|Any CPU
		{C33AF490-E133-4E15-B34B-272A63A924F7}.Release|Any CPU.ActiveCfg = Release|Any CPU
		{C33AF490-E133-4E15-B34B-272A63A924F7}.Release|Any CPU.Build.0 = Release|Any CPU
		{BFE57206-C16A-4E70-B44D-1E13C0582BF7}.Debug|Any CPU.ActiveCfg = Debug|Any CPU
		{BFE57206-C16A-4E70-B44D-1E13C0582BF7}.Debug|Any CPU.Build.0 = Debug|Any CPU
		{BFE57206-C16A-4E70-B44D-1E13C0582BF7}.Release|Any CPU.ActiveCfg = Release|Any CPU
		{BFE57206-C16A-4E70-B44D-1E13C0582BF7}.Release|Any CPU.Build.0 = Release|Any CPU
		{E49096C4-D244-4639-A457-2CD580F89C4D}.Debug|Any CPU.ActiveCfg = Debug|Any CPU
		{E49096C4-D244-4639-A457-2CD580F89C4D}.Debug|Any CPU.Build.0 = Debug|Any CPU
		{E49096C4-D244-4639-A457-2CD580F89C4D}.Release|Any CPU.ActiveCfg = Release|Any CPU
		{E49096C4-D244-4639-A457-2CD580F89C4D}.Release|Any CPU.Build.0 = Release|Any CPU
		{B6EBA58B-C078-4C55-9532-623B13768983}.Debug|Any CPU.ActiveCfg = Debug|Any CPU
		{B6EBA58B-C078-4C55-9532-623B13768983}.Debug|Any CPU.Build.0 = Debug|Any CPU
		{B6EBA58B-C078-4C55-9532-623B13768983}.Release|Any CPU.ActiveCfg = Release|Any CPU
		{B6EBA58B-C078-4C55-9532-623B13768983}.Release|Any CPU.Build.0 = Release|Any CPU
		{716D9CBB-2988-4395-ABC5-EFBF6282EF2A}.Debug|Any CPU.ActiveCfg = Debug|Any CPU
		{716D9CBB-2988-4395-ABC5-EFBF6282EF2A}.Debug|Any CPU.Build.0 = Debug|Any CPU
		{716D9CBB-2988-4395-ABC5-EFBF6282EF2A}.Release|Any CPU.ActiveCfg = Release|Any CPU
		{716D9CBB-2988-4395-ABC5-EFBF6282EF2A}.Release|Any CPU.Build.0 = Release|Any CPU
		{A87822EE-797B-4F78-9B58-D60D1261DAB5}.Debug|Any CPU.ActiveCfg = Debug|Any CPU
		{A87822EE-797B-4F78-9B58-D60D1261DAB5}.Debug|Any CPU.Build.0 = Debug|Any CPU
		{A87822EE-797B-4F78-9B58-D60D1261DAB5}.Release|Any CPU.ActiveCfg = Release|Any CPU
		{A87822EE-797B-4F78-9B58-D60D1261DAB5}.Release|Any CPU.Build.0 = Release|Any CPU
		{7E9D9447-5457-4467-931D-D64292BCB9E1}.Debug|Any CPU.ActiveCfg = Debug|Any CPU
		{7E9D9447-5457-4467-931D-D64292BCB9E1}.Debug|Any CPU.Build.0 = Debug|Any CPU
		{7E9D9447-5457-4467-931D-D64292BCB9E1}.Release|Any CPU.ActiveCfg = Release|Any CPU
		{7E9D9447-5457-4467-931D-D64292BCB9E1}.Release|Any CPU.Build.0 = Release|Any CPU
		{5A93E920-4A47-41C2-BE31-C1F38E131B6F}.Debug|Any CPU.ActiveCfg = Debug|Any CPU
		{5A93E920-4A47-41C2-BE31-C1F38E131B6F}.Debug|Any CPU.Build.0 = Debug|Any CPU
		{5A93E920-4A47-41C2-BE31-C1F38E131B6F}.Release|Any CPU.ActiveCfg = Release|Any CPU
		{5A93E920-4A47-41C2-BE31-C1F38E131B6F}.Release|Any CPU.Build.0 = Release|Any CPU
		{1EFEA447-B08E-4FCC-9D66-825F751B6356}.Debug|Any CPU.ActiveCfg = Debug|Any CPU
		{1EFEA447-B08E-4FCC-9D66-825F751B6356}.Debug|Any CPU.Build.0 = Debug|Any CPU
		{1EFEA447-B08E-4FCC-9D66-825F751B6356}.Release|Any CPU.ActiveCfg = Release|Any CPU
		{1EFEA447-B08E-4FCC-9D66-825F751B6356}.Release|Any CPU.Build.0 = Release|Any CPU
		{F7068FEC-CE28-4246-A3B3-EAAF730445E4}.Debug|Any CPU.ActiveCfg = Debug|Any CPU
		{F7068FEC-CE28-4246-A3B3-EAAF730445E4}.Debug|Any CPU.Build.0 = Debug|Any CPU
		{F7068FEC-CE28-4246-A3B3-EAAF730445E4}.Release|Any CPU.ActiveCfg = Release|Any CPU
		{F7068FEC-CE28-4246-A3B3-EAAF730445E4}.Release|Any CPU.Build.0 = Release|Any CPU
		{9EA0528E-A78B-4EA0-A839-91E6C62D37AE}.Debug|Any CPU.ActiveCfg = Debug|Any CPU
		{9EA0528E-A78B-4EA0-A839-91E6C62D37AE}.Debug|Any CPU.Build.0 = Debug|Any CPU
		{9EA0528E-A78B-4EA0-A839-91E6C62D37AE}.Release|Any CPU.ActiveCfg = Release|Any CPU
		{9EA0528E-A78B-4EA0-A839-91E6C62D37AE}.Release|Any CPU.Build.0 = Release|Any CPU
		{29010065-0D8E-4678-84DA-E0DF0484C148}.Debug|Any CPU.ActiveCfg = Debug|Any CPU
		{29010065-0D8E-4678-84DA-E0DF0484C148}.Debug|Any CPU.Build.0 = Debug|Any CPU
		{29010065-0D8E-4678-84DA-E0DF0484C148}.Release|Any CPU.ActiveCfg = Release|Any CPU
		{29010065-0D8E-4678-84DA-E0DF0484C148}.Release|Any CPU.Build.0 = Release|Any CPU
		{6FBB73E2-B3DB-4958-84B2-154AE2BBABDF}.Debug|Any CPU.ActiveCfg = Debug|Any CPU
		{6FBB73E2-B3DB-4958-84B2-154AE2BBABDF}.Debug|Any CPU.Build.0 = Debug|Any CPU
		{6FBB73E2-B3DB-4958-84B2-154AE2BBABDF}.Release|Any CPU.ActiveCfg = Release|Any CPU
		{6FBB73E2-B3DB-4958-84B2-154AE2BBABDF}.Release|Any CPU.Build.0 = Release|Any CPU
		{14B949BF-DE2C-4FDF-836D-948B59D5537B}.Debug|Any CPU.ActiveCfg = Debug|Any CPU
		{14B949BF-DE2C-4FDF-836D-948B59D5537B}.Debug|Any CPU.Build.0 = Debug|Any CPU
		{14B949BF-DE2C-4FDF-836D-948B59D5537B}.Release|Any CPU.ActiveCfg = Release|Any CPU
		{14B949BF-DE2C-4FDF-836D-948B59D5537B}.Release|Any CPU.Build.0 = Release|Any CPU
		{72B08454-FB6E-4F51-BC9E-BBEAEB46DCB6}.Debug|Any CPU.ActiveCfg = Debug|Any CPU
		{72B08454-FB6E-4F51-BC9E-BBEAEB46DCB6}.Debug|Any CPU.Build.0 = Debug|Any CPU
		{72B08454-FB6E-4F51-BC9E-BBEAEB46DCB6}.Release|Any CPU.ActiveCfg = Release|Any CPU
		{72B08454-FB6E-4F51-BC9E-BBEAEB46DCB6}.Release|Any CPU.Build.0 = Release|Any CPU
		{A4C9EEB8-E4C3-461B-904D-9CEC7FDF1439}.Debug|Any CPU.ActiveCfg = Debug|Any CPU
		{A4C9EEB8-E4C3-461B-904D-9CEC7FDF1439}.Debug|Any CPU.Build.0 = Debug|Any CPU
		{A4C9EEB8-E4C3-461B-904D-9CEC7FDF1439}.Release|Any CPU.ActiveCfg = Release|Any CPU
		{A4C9EEB8-E4C3-461B-904D-9CEC7FDF1439}.Release|Any CPU.Build.0 = Release|Any CPU
		{5A56899D-E07D-4777-95BD-9628D4E280E4}.Debug|Any CPU.ActiveCfg = Debug|Any CPU
		{5A56899D-E07D-4777-95BD-9628D4E280E4}.Debug|Any CPU.Build.0 = Debug|Any CPU
		{5A56899D-E07D-4777-95BD-9628D4E280E4}.Release|Any CPU.ActiveCfg = Release|Any CPU
		{5A56899D-E07D-4777-95BD-9628D4E280E4}.Release|Any CPU.Build.0 = Release|Any CPU
		{553B0E5C-D47B-47A2-AD0E-BA476B870CAC}.Debug|Any CPU.ActiveCfg = Debug|Any CPU
		{553B0E5C-D47B-47A2-AD0E-BA476B870CAC}.Debug|Any CPU.Build.0 = Debug|Any CPU
		{553B0E5C-D47B-47A2-AD0E-BA476B870CAC}.Release|Any CPU.ActiveCfg = Release|Any CPU
		{553B0E5C-D47B-47A2-AD0E-BA476B870CAC}.Release|Any CPU.Build.0 = Release|Any CPU
		{58061613-927E-414A-AB56-D07056DD5969}.Debug|Any CPU.ActiveCfg = Debug|Any CPU
		{58061613-927E-414A-AB56-D07056DD5969}.Debug|Any CPU.Build.0 = Debug|Any CPU
		{58061613-927E-414A-AB56-D07056DD5969}.Release|Any CPU.ActiveCfg = Release|Any CPU
		{58061613-927E-414A-AB56-D07056DD5969}.Release|Any CPU.Build.0 = Release|Any CPU
		{058DE00F-1A49-4754-80FE-7470ECB327C9}.Debug|Any CPU.ActiveCfg = Debug|Any CPU
		{058DE00F-1A49-4754-80FE-7470ECB327C9}.Debug|Any CPU.Build.0 = Debug|Any CPU
		{058DE00F-1A49-4754-80FE-7470ECB327C9}.Release|Any CPU.ActiveCfg = Release|Any CPU
		{058DE00F-1A49-4754-80FE-7470ECB327C9}.Release|Any CPU.Build.0 = Release|Any CPU
		{94B94A08-0D37-4853-B381-32F1D6299897}.Debug|Any CPU.ActiveCfg = Debug|Any CPU
		{94B94A08-0D37-4853-B381-32F1D6299897}.Debug|Any CPU.Build.0 = Debug|Any CPU
		{94B94A08-0D37-4853-B381-32F1D6299897}.Release|Any CPU.ActiveCfg = Release|Any CPU
		{94B94A08-0D37-4853-B381-32F1D6299897}.Release|Any CPU.Build.0 = Release|Any CPU
		{43062022-10E4-413B-8331-23E31BB0914A}.Debug|Any CPU.ActiveCfg = Debug|Any CPU
		{43062022-10E4-413B-8331-23E31BB0914A}.Debug|Any CPU.Build.0 = Debug|Any CPU
		{43062022-10E4-413B-8331-23E31BB0914A}.Release|Any CPU.ActiveCfg = Release|Any CPU
		{43062022-10E4-413B-8331-23E31BB0914A}.Release|Any CPU.Build.0 = Release|Any CPU
		{4C95E209-38FA-4E68-A865-340A29D2C88A}.Debug|Any CPU.ActiveCfg = Debug|Any CPU
		{4C95E209-38FA-4E68-A865-340A29D2C88A}.Debug|Any CPU.Build.0 = Debug|Any CPU
		{4C95E209-38FA-4E68-A865-340A29D2C88A}.Release|Any CPU.ActiveCfg = Release|Any CPU
		{4C95E209-38FA-4E68-A865-340A29D2C88A}.Release|Any CPU.Build.0 = Release|Any CPU
	EndGlobalSection
	GlobalSection(SolutionProperties) = preSolution
		HideSolutionNode = FALSE
	EndGlobalSection
	GlobalSection(ExtensibilityGlobals) = postSolution
		SolutionGuid = {40C2BFA1-F5C5-4A08-A275-85D44D1DB961}
	EndGlobalSection
EndGlobal
